{
  "requires": true,
  "lockfileVersion": 1,
  "dependencies": {
    "medium-button": {
      "version": "1.1.4",
      "resolved": "https://registry.npmjs.org/medium-button/-/medium-button-1.1.4.tgz",
      "integrity": "sha1-g8OlbeVmCnr8a3Ot3abdZ3bRsek=",
      "dev": true,
      "requires": {
        "medium-editor": "^5.0.0"
      }
    },
    "medium-editor": {
      "version": "5.23.3",
      "resolved": "https://registry.npmjs.org/medium-editor/-/medium-editor-5.23.3.tgz",
      "integrity": "sha512-he9/TdjX8f8MGdXGfCs8AllrYnqXJJvjNkDKmPg3aPW/uoIrlRqtkFthrwvmd+u4QyzEiadhCCM0EwTiRdUCJw==",
      "dev": true
    }
  }
}
